
Microsoft Visual Studio Solution File, Format Version 12.00
# Visual Studio Version 16
VisualStudioVersion = 16.0.30717.126
MinimumVisualStudioVersion = 10.0.40219.1
Project("{FAE04EC0-301F-11D3-BF4B-00C04F79EFBC}") = "AppGallery.UWP", "AppGallery\AppGallery.UWP\AppGallery.UWP.csproj", "{8A90EEFD-7D53-4369-BA6F-42B7DE501CAC}"
EndProject
Project("{FAE04EC0-301F-11D3-BF4B-00C04F79EFBC}") = "AppGallery.Android", "AppGallery\AppGallery.Android\AppGallery.Android.csproj", "{D4DC0867-2ECD-4B60-85E4-C7FE530A31B4}"
EndProject
Project("{FAE04EC0-301F-11D3-BF4B-00C04F79EFBC}") = "AppGallery.iOS", "AppGallery\AppGallery.iOS\AppGallery.iOS.csproj", "{65E72082-AE09-4434-80F5-E6F6E64AA915}"
EndProject
Project("{FAE04EC0-301F-11D3-BF4B-00C04F79EFBC}") = "AppGallery", "AppGallery\AppGallery\AppGallery.csproj", "{D4771EDC-2F07-4D5B-87AF-6D38C199AEEF}"
EndProject
Global
	GlobalSection(SolutionConfigurationPlatforms) = preSolution
		Debug|Any CPU = Debug|Any CPU
		Debug|ARM = Debug|ARM
		Debug|iPhone = Debug|iPhone
		Debug|iPhoneSimulator = Debug|iPhoneSimulator
		Debug|x64 = Debug|x64
		Debug|x86 = Debug|x86
		Release|Any CPU = Release|Any CPU
		Release|ARM = Release|ARM
		Release|iPhone = Release|iPhone
		Release|iPhoneSimulator = Release|iPhoneSimulator
		Release|x64 = Release|x64
		Release|x86 = Release|x86
	EndGlobalSection
	GlobalSection(ProjectConfigurationPlatforms) = postSolution
		{8A90EEFD-7D53-4369-BA6F-42B7DE501CAC}.Debug|Any CPU.ActiveCfg = Debug|x86
		{8A90EEFD-7D53-4369-BA6F-42B7DE501CAC}.Debug|Any CPU.Build.0 = Debug|x86
		{8A90EEFD-7D53-4369-BA6F-42B7DE501CAC}.Debug|Any CPU.Deploy.0 = Debug|x86
		{8A90EEFD-7D53-4369-BA6F-42B7DE501CAC}.Debug|ARM.ActiveCfg = Debug|ARM
		{8A90EEFD-7D53-4369-BA6F-42B7DE501CAC}.Debug|ARM.Build.0 = Debug|ARM
		{8A90EEFD-7D53-4369-BA6F-42B7DE501CAC}.Debug|ARM.Deploy.0 = Debug|ARM
		{8A90EEFD-7D53-4369-BA6F-42B7DE501CAC}.Debug|iPhone.ActiveCfg = Debug|x86
		{8A90EEFD-7D53-4369-BA6F-42B7DE501CAC}.Debug|iPhone.Build.0 = Debug|x86
		{8A90EEFD-7D53-4369-BA6F-42B7DE501CAC}.Debug|iPhone.Deploy.0 = Debug|x86
		{8A90EEFD-7D53-4369-BA6F-42B7DE501CAC}.Debug|iPhoneSimulator.ActiveCfg = Debug|x86
		{8A90EEFD-7D53-4369-BA6F-42B7DE501CAC}.Debug|iPhoneSimulator.Build.0 = Debug|x86
		{8A90EEFD-7D53-4369-BA6F-42B7DE501CAC}.Debug|iPhoneSimulator.Deploy.0 = Debug|x86
		{8A90EEFD-7D53-4369-BA6F-42B7DE501CAC}.Debug|x64.ActiveCfg = Debug|x64
		{8A90EEFD-7D53-4369-BA6F-42B7DE501CAC}.Debug|x64.Build.0 = Debug|x64
		{8A90EEFD-7D53-4369-BA6F-42B7DE501CAC}.Debug|x64.Deploy.0 = Debug|x64
		{8A90EEFD-7D53-4369-BA6F-42B7DE501CAC}.Debug|x86.ActiveCfg = Debug|x86
		{8A90EEFD-7D53-4369-BA6F-42B7DE501CAC}.Debug|x86.Build.0 = Debug|x86
		{8A90EEFD-7D53-4369-BA6F-42B7DE501CAC}.Debug|x86.Deploy.0 = Debug|x86
		{8A90EEFD-7D53-4369-BA6F-42B7DE501CAC}.Release|Any CPU.ActiveCfg = Release|x86
		{8A90EEFD-7D53-4369-BA6F-42B7DE501CAC}.Release|Any CPU.Build.0 = Release|x86
		{8A90EEFD-7D53-4369-BA6F-42B7DE501CAC}.Release|Any CPU.Deploy.0 = Release|x86
		{8A90EEFD-7D53-4369-BA6F-42B7DE501CAC}.Release|ARM.ActiveCfg = Release|ARM
		{8A90EEFD-7D53-4369-BA6F-42B7DE501CAC}.Release|ARM.Build.0 = Release|ARM
		{8A90EEFD-7D53-4369-BA6F-42B7DE501CAC}.Release|ARM.Deploy.0 = Release|ARM
		{8A90EEFD-7D53-4369-BA6F-42B7DE501CAC}.Release|iPhone.ActiveCfg = Release|x86
		{8A90EEFD-7D53-4369-BA6F-42B7DE501CAC}.Release|iPhone.Build.0 = Release|x86
		{8A90EEFD-7D53-4369-BA6F-42B7DE501CAC}.Release|iPhone.Deploy.0 = Release|x86
		{8A90EEFD-7D53-4369-BA6F-42B7DE501CAC}.Release|iPhoneSimulator.ActiveCfg = Release|x86
		{8A90EEFD-7D53-4369-BA6F-42B7DE501CAC}.Release|iPhoneSimulator.Build.0 = Release|x86
		{8A90EEFD-7D53-4369-BA6F-42B7DE501CAC}.Release|iPhoneSimulator.Deploy.0 = Release|x86
		{8A90EEFD-7D53-4369-BA6F-42B7DE501CAC}.Release|x64.ActiveCfg = Release|x64
		{8A90EEFD-7D53-4369-BA6F-42B7DE501CAC}.Release|x64.Build.0 = Release|x64
		{8A90EEFD-7D53-4369-BA6F-42B7DE501CAC}.Release|x64.Deploy.0 = Release|x64
		{8A90EEFD-7D53-4369-BA6F-42B7DE501CAC}.Release|x86.ActiveCfg = Release|x86
		{8A90EEFD-7D53-4369-BA6F-42B7DE501CAC}.Release|x86.Build.0 = Release|x86
		{8A90EEFD-7D53-4369-BA6F-42B7DE501CAC}.Release|x86.Deploy.0 = Release|x86
		{D4DC0867-2ECD-4B60-85E4-C7FE530A31B4}.Debug|Any CPU.ActiveCfg = Debug|Any CPU
		{D4DC0867-2ECD-4B60-85E4-C7FE530A31B4}.Debug|Any CPU.Build.0 = Debug|Any CPU
		{D4DC0867-2ECD-4B60-85E4-C7FE530A31B4}.Debug|Any CPU.Deploy.0 = Debug|Any CPU
		{D4DC0867-2ECD-4B60-85E4-C7FE530A31B4}.Debug|ARM.ActiveCfg = Debug|Any CPU
		{D4DC0867-2ECD-4B60-85E4-C7FE530A31B4}.Debug|ARM.Build.0 = Debug|Any CPU
		{D4DC0867-2ECD-4B60-85E4-C7FE530A31B4}.Debug|ARM.Deploy.0 = Debug|Any CPU
		{D4DC0867-2ECD-4B60-85E4-C7FE530A31B4}.Debug|iPhone.ActiveCfg = Debug|Any CPU
		{D4DC0867-2ECD-4B60-85E4-C7FE530A31B4}.Debug|iPhone.Build.0 = Debug|Any CPU
		{D4DC0867-2ECD-4B60-85E4-C7FE530A31B4}.Debug|iPhone.Deploy.0 = Debug|Any CPU
		{D4DC0867-2ECD-4B60-85E4-C7FE530A31B4}.Debug|iPhoneSimulator.ActiveCfg = Debug|Any CPU
		{D4DC0867-2ECD-4B60-85E4-C7FE530A31B4}.Debug|iPhoneSimulator.Build.0 = Debug|Any CPU
		{D4DC0867-2ECD-4B60-85E4-C7FE530A31B4}.Debug|iPhoneSimulator.Deploy.0 = Debug|Any CPU
		{D4DC0867-2ECD-4B60-85E4-C7FE530A31B4}.Debug|x64.ActiveCfg = Debug|Any CPU
		{D4DC0867-2ECD-4B60-85E4-C7FE530A31B4}.Debug|x64.Build.0 = Debug|Any CPU
		{D4DC0867-2ECD-4B60-85E4-C7FE530A31B4}.Debug|x64.Deploy.0 = Debug|Any CPU
		{D4DC0867-2ECD-4B60-85E4-C7FE530A31B4}.Debug|x86.ActiveCfg = Debug|Any CPU
		{D4DC0867-2ECD-4B60-85E4-C7FE530A31B4}.Debug|x86.Build.0 = Debug|Any CPU
		{D4DC0867-2ECD-4B60-85E4-C7FE530A31B4}.Debug|x86.Deploy.0 = Debug|Any CPU
		{D4DC0867-2ECD-4B60-85E4-C7FE530A31B4}.Release|Any CPU.ActiveCfg = Release|Any CPU
		{D4DC0867-2ECD-4B60-85E4-C7FE530A31B4}.Release|Any CPU.Build.0 = Release|Any CPU
		{D4DC0867-2ECD-4B60-85E4-C7FE530A31B4}.Release|Any CPU.Deploy.0 = Release|Any CPU
		{D4DC0867-2ECD-4B60-85E4-C7FE530A31B4}.Release|ARM.ActiveCfg = Release|Any CPU
		{D4DC0867-2ECD-4B60-85E4-C7FE530A31B4}.Release|ARM.Build.0 = Release|Any CPU
		{D4DC0867-2ECD-4B60-85E4-C7FE530A31B4}.Release|ARM.Deploy.0 = Release|Any CPU
		{D4DC0867-2ECD-4B60-85E4-C7FE530A31B4}.Release|iPhone.ActiveCfg = Release|Any CPU
		{D4DC0867-2ECD-4B60-85E4-C7FE530A31B4}.Release|iPhone.Build.0 = Release|Any CPU
		{D4DC0867-2ECD-4B60-85E4-C7FE530A31B4}.Release|iPhone.Deploy.0 = Release|Any CPU
		{D4DC0867-2ECD-4B60-85E4-C7FE530A31B4}.Release|iPhoneSimulator.ActiveCfg = Release|Any CPU
		{D4DC0867-2ECD-4B60-85E4-C7FE530A31B4}.Release|iPhoneSimulator.Build.0 = Release|Any CPU
		{D4DC0867-2ECD-4B60-85E4-C7FE530A31B4}.Release|iPhoneSimulator.Deploy.0 = Release|Any CPU
		{D4DC0867-2ECD-4B60-85E4-C7FE530A31B4}.Release|x64.ActiveCfg = Release|Any CPU
		{D4DC0867-2ECD-4B60-85E4-C7FE530A31B4}.Release|x64.Build.0 = Release|Any CPU
		{D4DC0867-2ECD-4B60-85E4-C7FE530A31B4}.Release|x64.Deploy.0 = Release|Any CPU
		{D4DC0867-2ECD-4B60-85E4-C7FE530A31B4}.Release|x86.ActiveCfg = Release|Any CPU
		{D4DC0867-2ECD-4B60-85E4-C7FE530A31B4}.Release|x86.Build.0 = Release|Any CPU
		{D4DC0867-2ECD-4B60-85E4-C7FE530A31B4}.Release|x86.Deploy.0 = Release|Any CPU
		{65E72082-AE09-4434-80F5-E6F6E64AA915}.Debug|Any CPU.ActiveCfg = Debug|iPhoneSimulator
		{65E72082-AE09-4434-80F5-E6F6E64AA915}.Debug|Any CPU.Build.0 = Debug|iPhoneSimulator
		{65E72082-AE09-4434-80F5-E6F6E64AA915}.Debug|Any CPU.Deploy.0 = Debug|iPhoneSimulator
		{65E72082-AE09-4434-80F5-E6F6E64AA915}.Debug|ARM.ActiveCfg = Debug|iPhone
		{65E72082-AE09-4434-80F5-E6F6E64AA915}.Debug|ARM.Build.0 = Debug|iPhone
		{65E72082-AE09-4434-80F5-E6F6E64AA915}.Debug|ARM.Deploy.0 = Debug|iPhone
		{65E72082-AE09-4434-80F5-E6F6E64AA915}.Debug|iPhone.ActiveCfg = Debug|iPhone
		{65E72082-AE09-4434-80F5-E6F6E64AA915}.Debug|iPhone.Build.0 = Debug|iPhone
		{65E72082-AE09-4434-80F5-E6F6E64AA915}.Debug|iPhone.Deploy.0 = Debug|iPhone
		{65E72082-AE09-4434-80F5-E6F6E64AA915}.Debug|iPhoneSimulator.ActiveCfg = Debug|iPhoneSimulator
		{65E72082-AE09-4434-80F5-E6F6E64AA915}.Debug|iPhoneSimulator.Build.0 = Debug|iPhoneSimulator
		{65E72082-AE09-4434-80F5-E6F6E64AA915}.Debug|iPhoneSimulator.Deploy.0 = Debug|iPhoneSimulator
		{65E72082-AE09-4434-80F5-E6F6E64AA915}.Debug|x64.ActiveCfg = Debug|iPhoneSimulator
		{65E72082-AE09-4434-80F5-E6F6E64AA915}.Debug|x64.Build.0 = Debug|iPhoneSimulator
		{65E72082-AE09-4434-80F5-E6F6E64AA915}.Debug|x64.Deploy.0 = Debug|iPhoneSimulator
		{65E72082-AE09-4434-80F5-E6F6E64AA915}.Debug|x86.ActiveCfg = Debug|iPhoneSimulator
		{65E72082-AE09-4434-80F5-E6F6E64AA915}.Debug|x86.Build.0 = Debug|iPhoneSimulator
		{65E72082-AE09-4434-80F5-E6F6E64AA915}.Debug|x86.Deploy.0 = Debug|iPhoneSimulator
		{65E72082-AE09-4434-80F5-E6F6E64AA915}.Release|Any CPU.ActiveCfg = Release|iPhoneSimulator
		{65E72082-AE09-4434-80F5-E6F6E64AA915}.Release|Any CPU.Build.0 = Release|iPhoneSimulator
		{65E72082-AE09-4434-80F5-E6F6E64AA915}.Release|Any CPU.Deploy.0 = Release|iPhoneSimulator
		{65E72082-AE09-4434-80F5-E6F6E64AA915}.Release|ARM.ActiveCfg = Release|iPhoneSimulator
		{65E72082-AE09-4434-80F5-E6F6E64AA915}.Release|ARM.Build.0 = Release|iPhoneSimulator
		{65E72082-AE09-4434-80F5-E6F6E64AA915}.Release|ARM.Deploy.0 = Release|iPhoneSimulator
		{65E72082-AE09-4434-80F5-E6F6E64AA915}.Release|iPhone.ActiveCfg = Release|iPhone
		{65E72082-AE09-4434-80F5-E6F6E64AA915}.Release|iPhone.Build.0 = Release|iPhone
		{65E72082-AE09-4434-80F5-E6F6E64AA915}.Release|iPhone.Deploy.0 = Release|iPhone
		{65E72082-AE09-4434-80F5-E6F6E64AA915}.Release|iPhoneSimulator.ActiveCfg = Release|iPhoneSimulator
		{65E72082-AE09-4434-80F5-E6F6E64AA915}.Release|iPhoneSimulator.Build.0 = Release|iPhoneSimulator
		{65E72082-AE09-4434-80F5-E6F6E64AA915}.Release|iPhoneSimulator.Deploy.0 = Release|iPhoneSimulator
		{65E72082-AE09-4434-80F5-E6F6E64AA915}.Release|x64.ActiveCfg = Release|iPhoneSimulator
		{65E72082-AE09-4434-80F5-E6F6E64AA915}.Release|x64.Build.0 = Release|iPhoneSimulator
		{65E72082-AE09-4434-80F5-E6F6E64AA915}.Release|x64.Deploy.0 = Release|iPhoneSimulator
		{65E72082-AE09-4434-80F5-E6F6E64AA915}.Release|x86.ActiveCfg = Release|iPhoneSimulator
		{65E72082-AE09-4434-80F5-E6F6E64AA915}.Release|x86.Build.0 = Release|iPhoneSimulator
		{65E72082-AE09-4434-80F5-E6F6E64AA915}.Release|x86.Deploy.0 = Release|iPhoneSimulator
		{D4771EDC-2F07-4D5B-87AF-6D38C199AEEF}.Debug|Any CPU.ActiveCfg = Debug|Any CPU
		{D4771EDC-2F07-4D5B-87AF-6D38C199AEEF}.Debug|Any CPU.Build.0 = Debug|Any CPU
		{D4771EDC-2F07-4D5B-87AF-6D38C199AEEF}.Debug|Any CPU.Deploy.0 = Debug|Any CPU
		{D4771EDC-2F07-4D5B-87AF-6D38C199AEEF}.Debug|ARM.ActiveCfg = Debug|Any CPU
		{D4771EDC-2F07-4D5B-87AF-6D38C199AEEF}.Debug|ARM.Build.0 = Debug|Any CPU
		{D4771EDC-2F07-4D5B-87AF-6D38C199AEEF}.Debug|ARM.Deploy.0 = Debug|Any CPU
		{D4771EDC-2F07-4D5B-87AF-6D38C199AEEF}.Debug|iPhone.ActiveCfg = Debug|Any CPU
		{D4771EDC-2F07-4D5B-87AF-6D38C199AEEF}.Debug|iPhone.Build.0 = Debug|Any CPU
		{D4771EDC-2F07-4D5B-87AF-6D38C199AEEF}.Debug|iPhone.Deploy.0 = Debug|Any CPU
		{D4771EDC-2F07-4D5B-87AF-6D38C199AEEF}.Debug|iPhoneSimulator.ActiveCfg = Debug|Any CPU
		{D4771EDC-2F07-4D5B-87AF-6D38C199AEEF}.Debug|iPhoneSimulator.Build.0 = Debug|Any CPU
		{D4771EDC-2F07-4D5B-87AF-6D38C199AEEF}.Debug|iPhoneSimulator.Deploy.0 = Debug|Any CPU
		{D4771EDC-2F07-4D5B-87AF-6D38C199AEEF}.Debug|x64.ActiveCfg = Debug|Any CPU
		{D4771EDC-2F07-4D5B-87AF-6D38C199AEEF}.Debug|x64.Build.0 = Debug|Any CPU
		{D4771EDC-2F07-4D5B-87AF-6D38C199AEEF}.Debug|x64.Deploy.0 = Debug|Any CPU
		{D4771EDC-2F07-4D5B-87AF-6D38C199AEEF}.Debug|x86.ActiveCfg = Debug|Any CPU
		{D4771EDC-2F07-4D5B-87AF-6D38C199AEEF}.Debug|x86.Build.0 = Debug|Any CPU
		{D4771EDC-2F07-4D5B-87AF-6D38C199AEEF}.Debug|x86.Deploy.0 = Debug|Any CPU
		{D4771EDC-2F07-4D5B-87AF-6D38C199AEEF}.Release|Any CPU.ActiveCfg = Release|Any CPU
		{D4771EDC-2F07-4D5B-87AF-6D38C199AEEF}.Release|Any CPU.Build.0 = Release|Any CPU
		{D4771EDC-2F07-4D5B-87AF-6D38C199AEEF}.Release|Any CPU.Deploy.0 = Release|Any CPU
		{D4771EDC-2F07-4D5B-87AF-6D38C199AEEF}.Release|ARM.ActiveCfg = Release|Any CPU
		{D4771EDC-2F07-4D5B-87AF-6D38C199AEEF}.Release|ARM.Build.0 = Release|Any CPU
		{D4771EDC-2F07-4D5B-87AF-6D38C199AEEF}.Release|ARM.Deploy.0 = Release|Any CPU
		{D4771EDC-2F07-4D5B-87AF-6D38C199AEEF}.Release|iPhone.ActiveCfg = Release|Any CPU
		{D4771EDC-2F07-4D5B-87AF-6D38C199AEEF}.Release|iPhone.Build.0 = Release|Any CPU
		{D4771EDC-2F07-4D5B-87AF-6D38C199AEEF}.Release|iPhone.Deploy.0 = Release|Any CPU
		{D4771EDC-2F07-4D5B-87AF-6D38C199AEEF}.Release|iPhoneSimulator.ActiveCfg = Release|Any CPU
		{D4771EDC-2F07-4D5B-87AF-6D38C199AEEF}.Release|iPhoneSimulator.Build.0 = Release|Any CPU
		{D4771EDC-2F07-4D5B-87AF-6D38C199AEEF}.Release|iPhoneSimulator.Deploy.0 = Release|Any CPU
		{D4771EDC-2F07-4D5B-87AF-6D38C199AEEF}.Release|x64.ActiveCfg = Release|Any CPU
		{D4771EDC-2F07-4D5B-87AF-6D38C199AEEF}.Release|x64.Build.0 = Release|Any CPU
		{D4771EDC-2F07-4D5B-87AF-6D38C199AEEF}.Release|x64.Deploy.0 = Release|Any CPU
		{D4771EDC-2F07-4D5B-87AF-6D38C199AEEF}.Release|x86.ActiveCfg = Release|Any CPU
		{D4771EDC-2F07-4D5B-87AF-6D38C199AEEF}.Release|x86.Build.0 = Release|Any CPU
		{D4771EDC-2F07-4D5B-87AF-6D38C199AEEF}.Release|x86.Deploy.0 = Release|Any CPU
	EndGlobalSection
	GlobalSection(SolutionProperties) = preSolution
		HideSolutionNode = FALSE
	EndGlobalSection
	GlobalSection(ExtensibilityGlobals) = postSolution
		SolutionGuid = {3E308EBC-516E-459C-84AB-C20411C1DF2F}
	EndGlobalSection
EndGlobal
